
Microsoft Visual Studio Solution File, Format Version 12.00
# Visual Studio Version 17
VisualStudioVersion = 17.0.32112.339
MinimumVisualStudioVersion = 10.0.40219.1
Project("{2150E333-8FDC-42A3-9474-1A3956D46DE8}") = "Frontend", "Frontend", "{A4C99A83-8319-4B77-B461-6016393C68B2}"
EndProject
Project("{2150E333-8FDC-42A3-9474-1A3956D46DE8}") = "Services", "Services", "{28E883CF-9107-4C9C-BC69-B8738B6905CD}"
EndProject
Project("{FAE04EC0-301F-11D3-BF4B-00C04F79EFBC}") = "Mango.Web", "Mango.Web\Mango.Web.csproj", "{7A3D625C-115E-45EF-9382-59B6FD17A2F7}"
EndProject
Project("{FAE04EC0-301F-11D3-BF4B-00C04F79EFBC}") = "Mango.Services.ProductAPI", "Mango.Services.ProductAPI\Mango.Services.ProductAPI.csproj", "{C122B853-3F51-444E-A527-7541E9FBBE0E}"
EndProject
Global
	GlobalSection(SolutionConfigurationPlatforms) = preSolution
		Debug|Any CPU = Debug|Any CPU
		Release|Any CPU = Release|Any CPU
	EndGlobalSection
	GlobalSection(ProjectConfigurationPlatforms) = postSolution
		{7A3D625C-115E-45EF-9382-59B6FD17A2F7}.Debug|Any CPU.ActiveCfg = Debug|Any CPU
		{7A3D625C-115E-45EF-9382-59B6FD17A2F7}.Debug|Any CPU.Build.0 = Debug|Any CPU
		{7A3D625C-115E-45EF-9382-59B6FD17A2F7}.Release|Any CPU.ActiveCfg = Release|Any CPU
		{7A3D625C-115E-45EF-9382-59B6FD17A2F7}.Release|Any CPU.Build.0 = Release|Any CPU
		{C122B853-3F51-444E-A527-7541E9FBBE0E}.Debug|Any CPU.ActiveCfg = Debug|Any CPU
		{C122B853-3F51-444E-A527-7541E9FBBE0E}.Debug|Any CPU.Build.0 = Debug|Any CPU
		{C122B853-3F51-444E-A527-7541E9FBBE0E}.Release|Any CPU.ActiveCfg = Release|Any CPU
		{C122B853-3F51-444E-A527-7541E9FBBE0E}.Release|Any CPU.Build.0 = Release|Any CPU
	EndGlobalSection
	GlobalSection(SolutionProperties) = preSolution
		HideSolutionNode = FALSE
	EndGlobalSection
	GlobalSection(NestedProjects) = preSolution
		{7A3D625C-115E-45EF-9382-59B6FD17A2F7} = {A4C99A83-8319-4B77-B461-6016393C68B2}
		{C122B853-3F51-444E-A527-7541E9FBBE0E} = {28E883CF-9107-4C9C-BC69-B8738B6905CD}
	EndGlobalSection
	GlobalSection(ExtensibilityGlobals) = postSolution
		SolutionGuid = {94376BBF-A144-45BD-ABE8-DF5B5EE876E7}
	EndGlobalSection
EndGlobal
